// !$*UTF8*$!
{
	archiveVersion = 1;
	classes = {
	};
	objectVersion = 56;
	objects = {

/* Begin PBXBuildFile section */
		B53355042CED13740026BF5C /* StateBootcamp.swift in Sources */ = {isa = PBXBuildFile; fileRef = B53355032CED13740026BF5C /* StateBootcamp.swift */; };
		B53355062CED16160026BF5C /* ExtractedFunctionsBootcamp.swift in Sources */ = {isa = PBXBuildFile; fileRef = B53355052CED16160026BF5C /* ExtractedFunctionsBootcamp.swift */; };
		B53355082CEDBFEA0026BF5C /* ExtractSubviewBootcamp.swift in Sources */ = {isa = PBXBuildFile; fileRef = B53355072CEDBFEA0026BF5C /* ExtractSubviewBootcamp.swift */; };
		B533550A2CEDC2860026BF5C /* BindingsBootcamp.swift in Sources */ = {isa = PBXBuildFile; fileRef = B53355092CEDC2860026BF5C /* BindingsBootcamp.swift */; };
		B533550C2CEDCF040026BF5C /* ConditionalBootcamp.swift in Sources */ = {isa = PBXBuildFile; fileRef = B533550B2CEDCF040026BF5C /* ConditionalBootcamp.swift */; };
		B533550E2CEDD8960026BF5C /* TernaryBootcamp.swift in Sources */ = {isa = PBXBuildFile; fileRef = B533550D2CEDD8960026BF5C /* TernaryBootcamp.swift */; };
		B53355102CEDDABD0026BF5C /* AnimationsBootcamp.swift in Sources */ = {isa = PBXBuildFile; fileRef = B533550F2CEDDABD0026BF5C /* AnimationsBootcamp.swift */; };
		B53355122CEE210D0026BF5C /* CurvesBootcamp.swift in Sources */ = {isa = PBXBuildFile; fileRef = B53355112CEE210D0026BF5C /* CurvesBootcamp.swift */; };
		B53355142CEE27A40026BF5C /* TransitionsBootcamp.swift in Sources */ = {isa = PBXBuildFile; fileRef = B53355132CEE27A40026BF5C /* TransitionsBootcamp.swift */; };
		B53355162CEE2AC60026BF5C /* SheetsBootcamp.swift in Sources */ = {isa = PBXBuildFile; fileRef = B53355152CEE2AC60026BF5C /* SheetsBootcamp.swift */; };
		B53355182CEE6A550026BF5C /* NavigationViewBootcamp.swift in Sources */ = {isa = PBXBuildFile; fileRef = B53355172CEE6A550026BF5C /* NavigationViewBootcamp.swift */; };
		B533551A2CEE6F8F0026BF5C /* ListBootcamp.swift in Sources */ = {isa = PBXBuildFile; fileRef = B53355192CEE6F8F0026BF5C /* ListBootcamp.swift */; };
		B533551C2CEF0B1D0026BF5C /* AlertsBootcamp.swift in Sources */ = {isa = PBXBuildFile; fileRef = B533551B2CEF0B1D0026BF5C /* AlertsBootcamp.swift */; };
		B533551E2CEF0FDB0026BF5C /* ActionSheetsBootcamp.swift in Sources */ = {isa = PBXBuildFile; fileRef = B533551D2CEF0FDB0026BF5C /* ActionSheetsBootcamp.swift */; };
		B53355202CEF13970026BF5C /* ContextMenuBootcamp.swift in Sources */ = {isa = PBXBuildFile; fileRef = B533551F2CEF13970026BF5C /* ContextMenuBootcamp.swift */; };
		B53355222CEF1F980026BF5C /* TextFieldBootcamp.swift in Sources */ = {isa = PBXBuildFile; fileRef = B53355212CEF1F980026BF5C /* TextFieldBootcamp.swift */; };
		B53355242CEF22D90026BF5C /* TextEditorBootcamp.swift in Sources */ = {isa = PBXBuildFile; fileRef = B53355232CEF22D90026BF5C /* TextEditorBootcamp.swift */; };
		B53355262CEF2FBA0026BF5C /* ToggleSwitchBootcamp.swift in Sources */ = {isa = PBXBuildFile; fileRef = B53355252CEF2FBA0026BF5C /* ToggleSwitchBootcamp.swift */; };
		B53355282CEFC2030026BF5C /* PickerBootcamp.swift in Sources */ = {isa = PBXBuildFile; fileRef = B53355272CEFC2030026BF5C /* PickerBootcamp.swift */; };
		B533552A2CEFCA070026BF5C /* ColorPickerBootcamp.swift in Sources */ = {isa = PBXBuildFile; fileRef = B53355292CEFCA070026BF5C /* ColorPickerBootcamp.swift */; };
		B533552C2CEFCAF60026BF5C /* DatePickerBootcamp.swift in Sources */ = {isa = PBXBuildFile; fileRef = B533552B2CEFCAF60026BF5C /* DatePickerBootcamp.swift */; };
		B533552E2CF05B890026BF5C /* StepperBootcamp.swift in Sources */ = {isa = PBXBuildFile; fileRef = B533552D2CF05B890026BF5C /* StepperBootcamp.swift */; };
		B53355302CF05E080026BF5C /* SliderBootcamp.swift in Sources */ = {isa = PBXBuildFile; fileRef = B533552F2CF05E080026BF5C /* SliderBootcamp.swift */; };
		B53355322CF060D90026BF5C /* TabViewBootcamp.swift in Sources */ = {isa = PBXBuildFile; fileRef = B53355312CF060D90026BF5C /* TabViewBootcamp.swift */; };
		B53355342CF067730026BF5C /* DarkModeBootcamp.swift in Sources */ = {isa = PBXBuildFile; fileRef = B53355332CF067730026BF5C /* DarkModeBootcamp.swift */; };
		B53355362CF069FD0026BF5C /* DocumentationBootcamp.swift in Sources */ = {isa = PBXBuildFile; fileRef = B53355352CF069FD0026BF5C /* DocumentationBootcamp.swift */; };
		B53355382CF34F060026BF5C /* OnAppearBootcamp.swift in Sources */ = {isa = PBXBuildFile; fileRef = B53355372CF34F060026BF5C /* OnAppearBootcamp.swift */; };
		B533553A2CF353650026BF5C /* IFLetGuardBootcamp.swift in Sources */ = {isa = PBXBuildFile; fileRef = B53355392CF353650026BF5C /* IFLetGuardBootcamp.swift */; };
		B533553C2CF358E80026BF5C /* TapGesturesBootcamp.swift in Sources */ = {isa = PBXBuildFile; fileRef = B533553B2CF358E80026BF5C /* TapGesturesBootcamp.swift */; };
		B533553E2CF35BE90026BF5C /* DataModelsBootcamp.swift in Sources */ = {isa = PBXBuildFile; fileRef = B533553D2CF35BE90026BF5C /* DataModelsBootcamp.swift */; };
		B53355402CF35F890026BF5C /* ViewModelBootcamp.swift in Sources */ = {isa = PBXBuildFile; fileRef = B533553F2CF35F890026BF5C /* ViewModelBootcamp.swift */; };
		B557E7F32CE3D665000F8C4F /* SwiftBootcampApp.swift in Sources */ = {isa = PBXBuildFile; fileRef = B557E7F22CE3D665000F8C4F /* SwiftBootcampApp.swift */; };
		B557E7F52CE3D665000F8C4F /* ContentView.swift in Sources */ = {isa = PBXBuildFile; fileRef = B557E7F42CE3D665000F8C4F /* ContentView.swift */; };
		B557E7F72CE3D666000F8C4F /* Assets.xcassets in Resources */ = {isa = PBXBuildFile; fileRef = B557E7F62CE3D666000F8C4F /* Assets.xcassets */; };
		B557E7FA2CE3D666000F8C4F /* Preview Assets.xcassets in Resources */ = {isa = PBXBuildFile; fileRef = B557E7F92CE3D666000F8C4F /* Preview Assets.xcassets */; };
		B557E8012CE3DA02000F8C4F /* TextBootcamp.swift in Sources */ = {isa = PBXBuildFile; fileRef = B557E8002CE3DA02000F8C4F /* TextBootcamp.swift */; };
		B557E8032CE3DE59000F8C4F /* ShapesBootcamp.swift in Sources */ = {isa = PBXBuildFile; fileRef = B557E8022CE3DE59000F8C4F /* ShapesBootcamp.swift */; };
		B557E8052CE47D0A000F8C4F /* ColorsBootcamp.swift in Sources */ = {isa = PBXBuildFile; fileRef = B557E8042CE47D0A000F8C4F /* ColorsBootcamp.swift */; };
		B557E8072CE4811C000F8C4F /* GradientBootcamp.swift in Sources */ = {isa = PBXBuildFile; fileRef = B557E8062CE4811B000F8C4F /* GradientBootcamp.swift */; };
		B557E8092CE4A210000F8C4F /* IconsBootcamp.swift in Sources */ = {isa = PBXBuildFile; fileRef = B557E8082CE4A210000F8C4F /* IconsBootcamp.swift */; };
		B557E80B2CE4A4D2000F8C4F /* ImagesBootcamp.swift in Sources */ = {isa = PBXBuildFile; fileRef = B557E80A2CE4A4D2000F8C4F /* ImagesBootcamp.swift */; };
		B557E80D2CE4BD4D000F8C4F /* FramesBootcamp.swift in Sources */ = {isa = PBXBuildFile; fileRef = B557E80C2CE4BD4D000F8C4F /* FramesBootcamp.swift */; };
		B557E80F2CE5DA87000F8C4F /* BackgroundsOverlaysBootcamp.swift in Sources */ = {isa = PBXBuildFile; fileRef = B557E80E2CE5DA87000F8C4F /* BackgroundsOverlaysBootcamp.swift */; };
		B557E8112CE5E700000F8C4F /* StacksBootcamp.swift in Sources */ = {isa = PBXBuildFile; fileRef = B557E8102CE5E700000F8C4F /* StacksBootcamp.swift */; };
		B557E8132CE63957000F8C4F /* PaddingSpacerBootcamp.swift in Sources */ = {isa = PBXBuildFile; fileRef = B557E8122CE63957000F8C4F /* PaddingSpacerBootcamp.swift */; };
		B557E8152CE72678000F8C4F /* InitBootcamp.swift in Sources */ = {isa = PBXBuildFile; fileRef = B557E8142CE72678000F8C4F /* InitBootcamp.swift */; };
		B557E8172CE72CEE000F8C4F /* ForEachBootcamp.swift in Sources */ = {isa = PBXBuildFile; fileRef = B557E8162CE72CEE000F8C4F /* ForEachBootcamp.swift */; };
		B5B458012CE8B542005EB613 /* ScrollViewBootcamp.swift in Sources */ = {isa = PBXBuildFile; fileRef = B5B458002CE8B542005EB613 /* ScrollViewBootcamp.swift */; };
		B5B458032CE8B885005EB613 /* GridBootcamp.swift in Sources */ = {isa = PBXBuildFile; fileRef = B5B458022CE8B885005EB613 /* GridBootcamp.swift */; };
		B5B458052CE9248F005EB613 /* SafeAreaBootcamp.swift in Sources */ = {isa = PBXBuildFile; fileRef = B5B458042CE9248F005EB613 /* SafeAreaBootcamp.swift */; };
		B5B458072CE92AA0005EB613 /* ButtonsBootcamp.swift in Sources */ = {isa = PBXBuildFile; fileRef = B5B458062CE92AA0005EB613 /* ButtonsBootcamp.swift */; };
/* End PBXBuildFile section */

/* Begin PBXFileReference section */
		B53355032CED13740026BF5C /* StateBootcamp.swift */ = {isa = PBXFileReference; lastKnownFileType = sourcecode.swift; path = StateBootcamp.swift; sourceTree = "<group>"; };
		B53355052CED16160026BF5C /* ExtractedFunctionsBootcamp.swift */ = {isa = PBXFileReference; lastKnownFileType = sourcecode.swift; path = ExtractedFunctionsBootcamp.swift; sourceTree = "<group>"; };
		B53355072CEDBFEA0026BF5C /* ExtractSubviewBootcamp.swift */ = {isa = PBXFileReference; lastKnownFileType = sourcecode.swift; path = ExtractSubviewBootcamp.swift; sourceTree = "<group>"; };
		B53355092CEDC2860026BF5C /* BindingsBootcamp.swift */ = {isa = PBXFileReference; lastKnownFileType = sourcecode.swift; path = BindingsBootcamp.swift; sourceTree = "<group>"; };
		B533550B2CEDCF040026BF5C /* ConditionalBootcamp.swift */ = {isa = PBXFileReference; lastKnownFileType = sourcecode.swift; path = ConditionalBootcamp.swift; sourceTree = "<group>"; };
		B533550D2CEDD8960026BF5C /* TernaryBootcamp.swift */ = {isa = PBXFileReference; lastKnownFileType = sourcecode.swift; path = TernaryBootcamp.swift; sourceTree = "<group>"; };
		B533550F2CEDDABD0026BF5C /* AnimationsBootcamp.swift */ = {isa = PBXFileReference; lastKnownFileType = sourcecode.swift; path = AnimationsBootcamp.swift; sourceTree = "<group>"; };
		B53355112CEE210D0026BF5C /* CurvesBootcamp.swift */ = {isa = PBXFileReference; lastKnownFileType = sourcecode.swift; path = CurvesBootcamp.swift; sourceTree = "<group>"; };
		B53355132CEE27A40026BF5C /* TransitionsBootcamp.swift */ = {isa = PBXFileReference; lastKnownFileType = sourcecode.swift; path = TransitionsBootcamp.swift; sourceTree = "<group>"; };
		B53355152CEE2AC60026BF5C /* SheetsBootcamp.swift */ = {isa = PBXFileReference; lastKnownFileType = sourcecode.swift; path = SheetsBootcamp.swift; sourceTree = "<group>"; };
		B53355172CEE6A550026BF5C /* NavigationViewBootcamp.swift */ = {isa = PBXFileReference; lastKnownFileType = sourcecode.swift; path = NavigationViewBootcamp.swift; sourceTree = "<group>"; };
		B53355192CEE6F8F0026BF5C /* ListBootcamp.swift */ = {isa = PBXFileReference; lastKnownFileType = sourcecode.swift; path = ListBootcamp.swift; sourceTree = "<group>"; };
		B533551B2CEF0B1D0026BF5C /* AlertsBootcamp.swift */ = {isa = PBXFileReference; lastKnownFileType = sourcecode.swift; path = AlertsBootcamp.swift; sourceTree = "<group>"; };
		B533551D2CEF0FDB0026BF5C /* ActionSheetsBootcamp.swift */ = {isa = PBXFileReference; lastKnownFileType = sourcecode.swift; path = ActionSheetsBootcamp.swift; sourceTree = "<group>"; };
		B533551F2CEF13970026BF5C /* ContextMenuBootcamp.swift */ = {isa = PBXFileReference; lastKnownFileType = sourcecode.swift; path = ContextMenuBootcamp.swift; sourceTree = "<group>"; };
		B53355212CEF1F980026BF5C /* TextFieldBootcamp.swift */ = {isa = PBXFileReference; lastKnownFileType = sourcecode.swift; path = TextFieldBootcamp.swift; sourceTree = "<group>"; };
		B53355232CEF22D90026BF5C /* TextEditorBootcamp.swift */ = {isa = PBXFileReference; lastKnownFileType = sourcecode.swift; path = TextEditorBootcamp.swift; sourceTree = "<group>"; };
		B53355252CEF2FBA0026BF5C /* ToggleSwitchBootcamp.swift */ = {isa = PBXFileReference; lastKnownFileType = sourcecode.swift; path = ToggleSwitchBootcamp.swift; sourceTree = "<group>"; };
		B53355272CEFC2030026BF5C /* PickerBootcamp.swift */ = {isa = PBXFileReference; lastKnownFileType = sourcecode.swift; path = PickerBootcamp.swift; sourceTree = "<group>"; };
		B53355292CEFCA070026BF5C /* ColorPickerBootcamp.swift */ = {isa = PBXFileReference; lastKnownFileType = sourcecode.swift; path = ColorPickerBootcamp.swift; sourceTree = "<group>"; };
		B533552B2CEFCAF60026BF5C /* DatePickerBootcamp.swift */ = {isa = PBXFileReference; lastKnownFileType = sourcecode.swift; path = DatePickerBootcamp.swift; sourceTree = "<group>"; };
		B533552D2CF05B890026BF5C /* StepperBootcamp.swift */ = {isa = PBXFileReference; lastKnownFileType = sourcecode.swift; path = StepperBootcamp.swift; sourceTree = "<group>"; };
		B533552F2CF05E080026BF5C /* SliderBootcamp.swift */ = {isa = PBXFileReference; lastKnownFileType = sourcecode.swift; path = SliderBootcamp.swift; sourceTree = "<group>"; };
		B53355312CF060D90026BF5C /* TabViewBootcamp.swift */ = {isa = PBXFileReference; lastKnownFileType = sourcecode.swift; path = TabViewBootcamp.swift; sourceTree = "<group>"; };
		B53355332CF067730026BF5C /* DarkModeBootcamp.swift */ = {isa = PBXFileReference; lastKnownFileType = sourcecode.swift; path = DarkModeBootcamp.swift; sourceTree = "<group>"; };
		B53355352CF069FD0026BF5C /* DocumentationBootcamp.swift */ = {isa = PBXFileReference; lastKnownFileType = sourcecode.swift; path = DocumentationBootcamp.swift; sourceTree = "<group>"; };
		B53355372CF34F060026BF5C /* OnAppearBootcamp.swift */ = {isa = PBXFileReference; lastKnownFileType = sourcecode.swift; path = OnAppearBootcamp.swift; sourceTree = "<group>"; };
		B53355392CF353650026BF5C /* IFLetGuardBootcamp.swift */ = {isa = PBXFileReference; lastKnownFileType = sourcecode.swift; path = IFLetGuardBootcamp.swift; sourceTree = "<group>"; };
		B533553B2CF358E80026BF5C /* TapGesturesBootcamp.swift */ = {isa = PBXFileReference; lastKnownFileType = sourcecode.swift; path = TapGesturesBootcamp.swift; sourceTree = "<group>"; };
		B533553D2CF35BE90026BF5C /* DataModelsBootcamp.swift */ = {isa = PBXFileReference; lastKnownFileType = sourcecode.swift; path = DataModelsBootcamp.swift; sourceTree = "<group>"; };
		B533553F2CF35F890026BF5C /* ViewModelBootcamp.swift */ = {isa = PBXFileReference; lastKnownFileType = sourcecode.swift; path = ViewModelBootcamp.swift; sourceTree = "<group>"; };
		B557E7EF2CE3D665000F8C4F /* SwiftBootcamp.app */ = {isa = PBXFileReference; explicitFileType = wrapper.application; includeInIndex = 0; path = SwiftBootcamp.app; sourceTree = BUILT_PRODUCTS_DIR; };
		B557E7F22CE3D665000F8C4F /* SwiftBootcampApp.swift */ = {isa = PBXFileReference; lastKnownFileType = sourcecode.swift; path = SwiftBootcampApp.swift; sourceTree = "<group>"; };
		B557E7F42CE3D665000F8C4F /* ContentView.swift */ = {isa = PBXFileReference; lastKnownFileType = sourcecode.swift; path = ContentView.swift; sourceTree = "<group>"; };
		B557E7F62CE3D666000F8C4F /* Assets.xcassets */ = {isa = PBXFileReference; lastKnownFileType = folder.assetcatalog; path = Assets.xcassets; sourceTree = "<group>"; };
		B557E7F92CE3D666000F8C4F /* Preview Assets.xcassets */ = {isa = PBXFileReference; lastKnownFileType = folder.assetcatalog; path = "Preview Assets.xcassets"; sourceTree = "<group>"; };
		B557E8002CE3DA02000F8C4F /* TextBootcamp.swift */ = {isa = PBXFileReference; lastKnownFileType = sourcecode.swift; path = TextBootcamp.swift; sourceTree = "<group>"; };
		B557E8022CE3DE59000F8C4F /* ShapesBootcamp.swift */ = {isa = PBXFileReference; lastKnownFileType = sourcecode.swift; path = ShapesBootcamp.swift; sourceTree = "<group>"; };
		B557E8042CE47D0A000F8C4F /* ColorsBootcamp.swift */ = {isa = PBXFileReference; lastKnownFileType = sourcecode.swift; path = ColorsBootcamp.swift; sourceTree = "<group>"; };
		B557E8062CE4811B000F8C4F /* GradientBootcamp.swift */ = {isa = PBXFileReference; lastKnownFileType = sourcecode.swift; path = GradientBootcamp.swift; sourceTree = "<group>"; };
		B557E8082CE4A210000F8C4F /* IconsBootcamp.swift */ = {isa = PBXFileReference; lastKnownFileType = sourcecode.swift; path = IconsBootcamp.swift; sourceTree = "<group>"; };
		B557E80A2CE4A4D2000F8C4F /* ImagesBootcamp.swift */ = {isa = PBXFileReference; lastKnownFileType = sourcecode.swift; path = ImagesBootcamp.swift; sourceTree = "<group>"; };
		B557E80C2CE4BD4D000F8C4F /* FramesBootcamp.swift */ = {isa = PBXFileReference; lastKnownFileType = sourcecode.swift; path = FramesBootcamp.swift; sourceTree = "<group>"; };
		B557E80E2CE5DA87000F8C4F /* BackgroundsOverlaysBootcamp.swift */ = {isa = PBXFileReference; lastKnownFileType = sourcecode.swift; path = BackgroundsOverlaysBootcamp.swift; sourceTree = "<group>"; };
		B557E8102CE5E700000F8C4F /* StacksBootcamp.swift */ = {isa = PBXFileReference; lastKnownFileType = sourcecode.swift; path = StacksBootcamp.swift; sourceTree = "<group>"; };
		B557E8122CE63957000F8C4F /* PaddingSpacerBootcamp.swift */ = {isa = PBXFileReference; lastKnownFileType = sourcecode.swift; path = PaddingSpacerBootcamp.swift; sourceTree = "<group>"; };
		B557E8142CE72678000F8C4F /* InitBootcamp.swift */ = {isa = PBXFileReference; lastKnownFileType = sourcecode.swift; path = InitBootcamp.swift; sourceTree = "<group>"; };
		B557E8162CE72CEE000F8C4F /* ForEachBootcamp.swift */ = {isa = PBXFileReference; lastKnownFileType = sourcecode.swift; path = ForEachBootcamp.swift; sourceTree = "<group>"; };
		B5B458002CE8B542005EB613 /* ScrollViewBootcamp.swift */ = {isa = PBXFileReference; lastKnownFileType = sourcecode.swift; path = ScrollViewBootcamp.swift; sourceTree = "<group>"; };
		B5B458022CE8B885005EB613 /* GridBootcamp.swift */ = {isa = PBXFileReference; lastKnownFileType = sourcecode.swift; path = GridBootcamp.swift; sourceTree = "<group>"; };
		B5B458042CE9248F005EB613 /* SafeAreaBootcamp.swift */ = {isa = PBXFileReference; lastKnownFileType = sourcecode.swift; path = SafeAreaBootcamp.swift; sourceTree = "<group>"; };
		B5B458062CE92AA0005EB613 /* ButtonsBootcamp.swift */ = {isa = PBXFileReference; lastKnownFileType = sourcecode.swift; path = ButtonsBootcamp.swift; sourceTree = "<group>"; };
/* End PBXFileReference section */

/* Begin PBXFrameworksBuildPhase section */
		B557E7EC2CE3D665000F8C4F /* Frameworks */ = {
			isa = PBXFrameworksBuildPhase;
			buildActionMask = 2147483647;
			files = (
			);
			runOnlyForDeploymentPostprocessing = 0;
		};
/* End PBXFrameworksBuildPhase section */

/* Begin PBXGroup section */
		B557E7E62CE3D665000F8C4F = {
			isa = PBXGroup;
			children = (
				B557E7F12CE3D665000F8C4F /* SwiftBootcamp */,
				B557E7F02CE3D665000F8C4F /* Products */,
			);
			sourceTree = "<group>";
		};
		B557E7F02CE3D665000F8C4F /* Products */ = {
			isa = PBXGroup;
			children = (
				B557E7EF2CE3D665000F8C4F /* SwiftBootcamp.app */,
			);
			name = Products;
			sourceTree = "<group>";
		};
		B557E7F12CE3D665000F8C4F /* SwiftBootcamp */ = {
			isa = PBXGroup;
			children = (
				B533550D2CEDD8960026BF5C /* TernaryBootcamp.swift */,
				B557E7F22CE3D665000F8C4F /* SwiftBootcampApp.swift */,
				B557E7F42CE3D665000F8C4F /* ContentView.swift */,
				B557E8042CE47D0A000F8C4F /* ColorsBootcamp.swift */,
				B557E8002CE3DA02000F8C4F /* TextBootcamp.swift */,
				B5B458042CE9248F005EB613 /* SafeAreaBootcamp.swift */,
				B557E8022CE3DE59000F8C4F /* ShapesBootcamp.swift */,
				B557E8062CE4811B000F8C4F /* GradientBootcamp.swift */,
				B557E80C2CE4BD4D000F8C4F /* FramesBootcamp.swift */,
				B557E7F62CE3D666000F8C4F /* Assets.xcassets */,
				B557E7F82CE3D666000F8C4F /* Preview Content */,
				B557E8082CE4A210000F8C4F /* IconsBootcamp.swift */,
				B557E80A2CE4A4D2000F8C4F /* ImagesBootcamp.swift */,
				B557E80E2CE5DA87000F8C4F /* BackgroundsOverlaysBootcamp.swift */,
				B557E8102CE5E700000F8C4F /* StacksBootcamp.swift */,
				B557E8122CE63957000F8C4F /* PaddingSpacerBootcamp.swift */,
				B557E8142CE72678000F8C4F /* InitBootcamp.swift */,
				B557E8162CE72CEE000F8C4F /* ForEachBootcamp.swift */,
				B5B458002CE8B542005EB613 /* ScrollViewBootcamp.swift */,
				B5B458022CE8B885005EB613 /* GridBootcamp.swift */,
				B5B458062CE92AA0005EB613 /* ButtonsBootcamp.swift */,
				B53355032CED13740026BF5C /* StateBootcamp.swift */,
				B53355052CED16160026BF5C /* ExtractedFunctionsBootcamp.swift */,
				B53355072CEDBFEA0026BF5C /* ExtractSubviewBootcamp.swift */,
				B53355092CEDC2860026BF5C /* BindingsBootcamp.swift */,
				B533550B2CEDCF040026BF5C /* ConditionalBootcamp.swift */,
				B533550F2CEDDABD0026BF5C /* AnimationsBootcamp.swift */,
				B53355112CEE210D0026BF5C /* CurvesBootcamp.swift */,
				B53355132CEE27A40026BF5C /* TransitionsBootcamp.swift */,
				B53355152CEE2AC60026BF5C /* SheetsBootcamp.swift */,
				B53355172CEE6A550026BF5C /* NavigationViewBootcamp.swift */,
				B53355192CEE6F8F0026BF5C /* ListBootcamp.swift */,
				B533551B2CEF0B1D0026BF5C /* AlertsBootcamp.swift */,
				B533551D2CEF0FDB0026BF5C /* ActionSheetsBootcamp.swift */,
				B533551F2CEF13970026BF5C /* ContextMenuBootcamp.swift */,
				B53355212CEF1F980026BF5C /* TextFieldBootcamp.swift */,
				B53355232CEF22D90026BF5C /* TextEditorBootcamp.swift */,
				B53355252CEF2FBA0026BF5C /* ToggleSwitchBootcamp.swift */,
				B53355272CEFC2030026BF5C /* PickerBootcamp.swift */,
				B53355292CEFCA070026BF5C /* ColorPickerBootcamp.swift */,
				B533552B2CEFCAF60026BF5C /* DatePickerBootcamp.swift */,
				B533552D2CF05B890026BF5C /* StepperBootcamp.swift */,
				B533552F2CF05E080026BF5C /* SliderBootcamp.swift */,
				B53355312CF060D90026BF5C /* TabViewBootcamp.swift */,
				B53355332CF067730026BF5C /* DarkModeBootcamp.swift */,
				B53355352CF069FD0026BF5C /* DocumentationBootcamp.swift */,
				B53355372CF34F060026BF5C /* OnAppearBootcamp.swift */,
				B53355392CF353650026BF5C /* IFLetGuardBootcamp.swift */,
				B533553B2CF358E80026BF5C /* TapGesturesBootcamp.swift */,
				B533553D2CF35BE90026BF5C /* DataModelsBootcamp.swift */,
				B533553F2CF35F890026BF5C /* ViewModelBootcamp.swift */,
			);
			path = SwiftBootcamp;
			sourceTree = "<group>";
		};
		B557E7F82CE3D666000F8C4F /* Preview Content */ = {
			isa = PBXGroup;
			children = (
				B557E7F92CE3D666000F8C4F /* Preview Assets.xcassets */,
			);
			path = "Preview Content";
			sourceTree = "<group>";
		};
/* End PBXGroup section */

/* Begin PBXNativeTarget section */
		B557E7EE2CE3D665000F8C4F /* SwiftBootcamp */ = {
			isa = PBXNativeTarget;
			buildConfigurationList = B557E7FD2CE3D666000F8C4F /* Build configuration list for PBXNativeTarget "SwiftBootcamp" */;
			buildPhases = (
				B557E7EB2CE3D665000F8C4F /* Sources */,
				B557E7EC2CE3D665000F8C4F /* Frameworks */,
				B557E7ED2CE3D665000F8C4F /* Resources */,
			);
			buildRules = (
			);
			dependencies = (
			);
			name = SwiftBootcamp;
			productName = SwiftBootcamp;
			productReference = B557E7EF2CE3D665000F8C4F /* SwiftBootcamp.app */;
			productType = "com.apple.product-type.application";
		};
/* End PBXNativeTarget section */

/* Begin PBXProject section */
		B557E7E72CE3D665000F8C4F /* Project object */ = {
			isa = PBXProject;
			attributes = {
				BuildIndependentTargetsInParallel = 1;
				LastSwiftUpdateCheck = 1540;
				LastUpgradeCheck = 1540;
				TargetAttributes = {
					B557E7EE2CE3D665000F8C4F = {
						CreatedOnToolsVersion = 15.4;
					};
				};
			};
			buildConfigurationList = B557E7EA2CE3D665000F8C4F /* Build configuration list for PBXProject "SwiftBootcamp" */;
			compatibilityVersion = "Xcode 14.0";
			developmentRegion = en;
			hasScannedForEncodings = 0;
			knownRegions = (
				en,
				Base,
			);
			mainGroup = B557E7E62CE3D665000F8C4F;
			productRefGroup = B557E7F02CE3D665000F8C4F /* Products */;
			projectDirPath = "";
			projectRoot = "";
			targets = (
				B557E7EE2CE3D665000F8C4F /* SwiftBootcamp */,
			);
		};
/* End PBXProject section */

/* Begin PBXResourcesBuildPhase section */
		B557E7ED2CE3D665000F8C4F /* Resources */ = {
			isa = PBXResourcesBuildPhase;
			buildActionMask = 2147483647;
			files = (
				B557E7FA2CE3D666000F8C4F /* Preview Assets.xcassets in Resources */,
				B557E7F72CE3D666000F8C4F /* Assets.xcassets in Resources */,
			);
			runOnlyForDeploymentPostprocessing = 0;
		};
/* End PBXResourcesBuildPhase section */

/* Begin PBXSourcesBuildPhase section */
		B557E7EB2CE3D665000F8C4F /* Sources */ = {
			isa = PBXSourcesBuildPhase;
			buildActionMask = 2147483647;
			files = (
				B533552C2CEFCAF60026BF5C /* DatePickerBootcamp.swift in Sources */,
				B557E8132CE63957000F8C4F /* PaddingSpacerBootcamp.swift in Sources */,
				B53355082CEDBFEA0026BF5C /* ExtractSubviewBootcamp.swift in Sources */,
				B533550C2CEDCF040026BF5C /* ConditionalBootcamp.swift in Sources */,
				B557E8052CE47D0A000F8C4F /* ColorsBootcamp.swift in Sources */,
				B533553C2CF358E80026BF5C /* TapGesturesBootcamp.swift in Sources */,
				B53355122CEE210D0026BF5C /* CurvesBootcamp.swift in Sources */,
				B53355102CEDDABD0026BF5C /* AnimationsBootcamp.swift in Sources */,
				B557E8032CE3DE59000F8C4F /* ShapesBootcamp.swift in Sources */,
				B557E80B2CE4A4D2000F8C4F /* ImagesBootcamp.swift in Sources */,
				B53355362CF069FD0026BF5C /* DocumentationBootcamp.swift in Sources */,
				B53355162CEE2AC60026BF5C /* SheetsBootcamp.swift in Sources */,
				B533551C2CEF0B1D0026BF5C /* AlertsBootcamp.swift in Sources */,
				B557E80D2CE4BD4D000F8C4F /* FramesBootcamp.swift in Sources */,
				B557E7F52CE3D665000F8C4F /* ContentView.swift in Sources */,
				B53355042CED13740026BF5C /* StateBootcamp.swift in Sources */,
				B557E80F2CE5DA87000F8C4F /* BackgroundsOverlaysBootcamp.swift in Sources */,
				B53355142CEE27A40026BF5C /* TransitionsBootcamp.swift in Sources */,
				B557E8012CE3DA02000F8C4F /* TextBootcamp.swift in Sources */,
				B5B458072CE92AA0005EB613 /* ButtonsBootcamp.swift in Sources */,
				B53355202CEF13970026BF5C /* ContextMenuBootcamp.swift in Sources */,
				B53355402CF35F890026BF5C /* ViewModelBootcamp.swift in Sources */,
				B53355322CF060D90026BF5C /* TabViewBootcamp.swift in Sources */,
				B53355222CEF1F980026BF5C /* TextFieldBootcamp.swift in Sources */,
				B53355182CEE6A550026BF5C /* NavigationViewBootcamp.swift in Sources */,
				B5B458052CE9248F005EB613 /* SafeAreaBootcamp.swift in Sources */,
				B533550A2CEDC2860026BF5C /* BindingsBootcamp.swift in Sources */,
				B53355342CF067730026BF5C /* DarkModeBootcamp.swift in Sources */,
				B53355262CEF2FBA0026BF5C /* ToggleSwitchBootcamp.swift in Sources */,
				B533551E2CEF0FDB0026BF5C /* ActionSheetsBootcamp.swift in Sources */,
				B5B458032CE8B885005EB613 /* GridBootcamp.swift in Sources */,
				B53355282CEFC2030026BF5C /* PickerBootcamp.swift in Sources */,
				B533551A2CEE6F8F0026BF5C /* ListBootcamp.swift in Sources */,
				B557E8072CE4811C000F8C4F /* GradientBootcamp.swift in Sources */,
				B557E8112CE5E700000F8C4F /* StacksBootcamp.swift in Sources */,
				B533553A2CF353650026BF5C /* IFLetGuardBootcamp.swift in Sources */,
				B53355062CED16160026BF5C /* ExtractedFunctionsBootcamp.swift in Sources */,
				B53355302CF05E080026BF5C /* SliderBootcamp.swift in Sources */,
				B533550E2CEDD8960026BF5C /* TernaryBootcamp.swift in Sources */,
				B533553E2CF35BE90026BF5C /* DataModelsBootcamp.swift in Sources */,
				B533552E2CF05B890026BF5C /* StepperBootcamp.swift in Sources */,
				B557E7F32CE3D665000F8C4F /* SwiftBootcampApp.swift in Sources */,
				B53355382CF34F060026BF5C /* OnAppearBootcamp.swift in Sources */,
				B557E8172CE72CEE000F8C4F /* ForEachBootcamp.swift in Sources */,
				B5B458012CE8B542005EB613 /* ScrollViewBootcamp.swift in Sources */,
				B533552A2CEFCA070026BF5C /* ColorPickerBootcamp.swift in Sources */,
				B53355242CEF22D90026BF5C /* TextEditorBootcamp.swift in Sources */,
				B557E8152CE72678000F8C4F /* InitBootcamp.swift in Sources */,
				B557E8092CE4A210000F8C4F /* IconsBootcamp.swift in Sources */,
			);
			runOnlyForDeploymentPostprocessing = 0;
		};
/* End PBXSourcesBuildPhase section */

/* Begin XCBuildConfiguration section */
		B557E7FB2CE3D666000F8C4F /* Debug */ = {
			isa = XCBuildConfiguration;
			buildSettings = {
				ALWAYS_SEARCH_USER_PATHS = NO;
				ASSETCATALOG_COMPILER_GENERATE_SWIFT_ASSET_SYMBOL_EXTENSIONS = YES;
				CLANG_ANALYZER_NONNULL = YES;
				CLANG_ANALYZER_NUMBER_OBJECT_CONVERSION = YES_AGGRESSIVE;
				CLANG_CXX_LANGUAGE_STANDARD = "gnu++20";
				CLANG_ENABLE_MODULES = YES;
				CLANG_ENABLE_OBJC_ARC = YES;
				CLANG_ENABLE_OBJC_WEAK = YES;
				CLANG_WARN_BLOCK_CAPTURE_AUTORELEASING = YES;
				CLANG_WARN_BOOL_CONVERSION = YES;
				CLANG_WARN_COMMA = YES;
				CLANG_WARN_CONSTANT_CONVERSION = YES;
				CLANG_WARN_DEPRECATED_OBJC_IMPLEMENTATIONS = YES;
				CLANG_WARN_DIRECT_OBJC_ISA_USAGE = YES_ERROR;
				CLANG_WARN_DOCUMENTATION_COMMENTS = YES;
				CLANG_WARN_EMPTY_BODY = YES;
				CLANG_WARN_ENUM_CONVERSION = YES;
				CLANG_WARN_INFINITE_RECURSION = YES;
				CLANG_WARN_INT_CONVERSION = YES;
				CLANG_WARN_NON_LITERAL_NULL_CONVERSION = YES;
				CLANG_WARN_OBJC_IMPLICIT_RETAIN_SELF = YES;
				CLANG_WARN_OBJC_LITERAL_CONVERSION = YES;
				CLANG_WARN_OBJC_ROOT_CLASS = YES_ERROR;
				CLANG_WARN_QUOTED_INCLUDE_IN_FRAMEWORK_HEADER = YES;
				CLANG_WARN_RANGE_LOOP_ANALYSIS = YES;
				CLANG_WARN_STRICT_PROTOTYPES = YES;
				CLANG_WARN_SUSPICIOUS_MOVE = YES;
				CLANG_WARN_UNGUARDED_AVAILABILITY = YES_AGGRESSIVE;
				CLANG_WARN_UNREACHABLE_CODE = YES;
				CLANG_WARN__DUPLICATE_METHOD_MATCH = YES;
				COPY_PHASE_STRIP = NO;
				DEBUG_INFORMATION_FORMAT = dwarf;
				ENABLE_STRICT_OBJC_MSGSEND = YES;
				ENABLE_TESTABILITY = YES;
				ENABLE_USER_SCRIPT_SANDBOXING = YES;
				GCC_C_LANGUAGE_STANDARD = gnu17;
				GCC_DYNAMIC_NO_PIC = NO;
				GCC_NO_COMMON_BLOCKS = YES;
				GCC_OPTIMIZATION_LEVEL = 0;
				GCC_PREPROCESSOR_DEFINITIONS = (
					"DEBUG=1",
					"$(inherited)",
				);
				GCC_WARN_64_TO_32_BIT_CONVERSION = YES;
				GCC_WARN_ABOUT_RETURN_TYPE = YES_ERROR;
				GCC_WARN_UNDECLARED_SELECTOR = YES;
				GCC_WARN_UNINITIALIZED_AUTOS = YES_AGGRESSIVE;
				GCC_WARN_UNUSED_FUNCTION = YES;
				GCC_WARN_UNUSED_VARIABLE = YES;
				IPHONEOS_DEPLOYMENT_TARGET = 17.5;
				LOCALIZATION_PREFERS_STRING_CATALOGS = YES;
				MTL_ENABLE_DEBUG_INFO = INCLUDE_SOURCE;
				MTL_FAST_MATH = YES;
				ONLY_ACTIVE_ARCH = YES;
				SDKROOT = iphoneos;
				SWIFT_ACTIVE_COMPILATION_CONDITIONS = "DEBUG $(inherited)";
				SWIFT_OPTIMIZATION_LEVEL = "-Onone";
			};
			name = Debug;
		};
		B557E7FC2CE3D666000F8C4F /* Release */ = {
			isa = XCBuildConfiguration;
			buildSettings = {
				ALWAYS_SEARCH_USER_PATHS = NO;
				ASSETCATALOG_COMPILER_GENERATE_SWIFT_ASSET_SYMBOL_EXTENSIONS = YES;
				CLANG_ANALYZER_NONNULL = YES;
				CLANG_ANALYZER_NUMBER_OBJECT_CONVERSION = YES_AGGRESSIVE;
				CLANG_CXX_LANGUAGE_STANDARD = "gnu++20";
				CLANG_ENABLE_MODULES = YES;
				CLANG_ENABLE_OBJC_ARC = YES;
				CLANG_ENABLE_OBJC_WEAK = YES;
				CLANG_WARN_BLOCK_CAPTURE_AUTORELEASING = YES;
				CLANG_WARN_BOOL_CONVERSION = YES;
				CLANG_WARN_COMMA = YES;
				CLANG_WARN_CONSTANT_CONVERSION = YES;
				CLANG_WARN_DEPRECATED_OBJC_IMPLEMENTATIONS = YES;
				CLANG_WARN_DIRECT_OBJC_ISA_USAGE = YES_ERROR;
				CLANG_WARN_DOCUMENTATION_COMMENTS = YES;
				CLANG_WARN_EMPTY_BODY = YES;
				CLANG_WARN_ENUM_CONVERSION = YES;
				CLANG_WARN_INFINITE_RECURSION = YES;
				CLANG_WARN_INT_CONVERSION = YES;
				CLANG_WARN_NON_LITERAL_NULL_CONVERSION = YES;
				CLANG_WARN_OBJC_IMPLICIT_RETAIN_SELF = YES;
				CLANG_WARN_OBJC_LITERAL_CONVERSION = YES;
				CLANG_WARN_OBJC_ROOT_CLASS = YES_ERROR;
				CLANG_WARN_QUOTED_INCLUDE_IN_FRAMEWORK_HEADER = YES;
				CLANG_WARN_RANGE_LOOP_ANALYSIS = YES;
				CLANG_WARN_STRICT_PROTOTYPES = YES;
				CLANG_WARN_SUSPICIOUS_MOVE = YES;
				CLANG_WARN_UNGUARDED_AVAILABILITY = YES_AGGRESSIVE;
				CLANG_WARN_UNREACHABLE_CODE = YES;
				CLANG_WARN__DUPLICATE_METHOD_MATCH = YES;
				COPY_PHASE_STRIP = NO;
				DEBUG_INFORMATION_FORMAT = "dwarf-with-dsym";
				ENABLE_NS_ASSERTIONS = NO;
				ENABLE_STRICT_OBJC_MSGSEND = YES;
				ENABLE_USER_SCRIPT_SANDBOXING = YES;
				GCC_C_LANGUAGE_STANDARD = gnu17;
				GCC_NO_COMMON_BLOCKS = YES;
				GCC_WARN_64_TO_32_BIT_CONVERSION = YES;
				GCC_WARN_ABOUT_RETURN_TYPE = YES_ERROR;
				GCC_WARN_UNDECLARED_SELECTOR = YES;
				GCC_WARN_UNINITIALIZED_AUTOS = YES_AGGRESSIVE;
				GCC_WARN_UNUSED_FUNCTION = YES;
				GCC_WARN_UNUSED_VARIABLE = YES;
				IPHONEOS_DEPLOYMENT_TARGET = 17.5;
				LOCALIZATION_PREFERS_STRING_CATALOGS = YES;
				MTL_ENABLE_DEBUG_INFO = NO;
				MTL_FAST_MATH = YES;
				SDKROOT = iphoneos;
				SWIFT_COMPILATION_MODE = wholemodule;
				VALIDATE_PRODUCT = YES;
			};
			name = Release;
		};
		B557E7FE2CE3D666000F8C4F /* Debug */ = {
			isa = XCBuildConfiguration;
			buildSettings = {
				ASSETCATALOG_COMPILER_APPICON_NAME = AppIcon;
				ASSETCATALOG_COMPILER_GLOBAL_ACCENT_COLOR_NAME = AccentColor;
				CODE_SIGN_STYLE = Automatic;
				CURRENT_PROJECT_VERSION = 1;
				DEVELOPMENT_ASSET_PATHS = "\"SwiftBootcamp/Preview Content\"";
				ENABLE_PREVIEWS = YES;
				GENERATE_INFOPLIST_FILE = YES;
				INFOPLIST_KEY_CFBundleDisplayName = Bootcamp;
				INFOPLIST_KEY_UIApplicationSceneManifest_Generation = YES;
				INFOPLIST_KEY_UIApplicationSupportsIndirectInputEvents = YES;
				INFOPLIST_KEY_UILaunchScreen_Generation = YES;
				INFOPLIST_KEY_UISupportedInterfaceOrientations_iPad = "UIInterfaceOrientationPortrait UIInterfaceOrientationPortraitUpsideDown UIInterfaceOrientationLandscapeLeft UIInterfaceOrientationLandscapeRight";
				INFOPLIST_KEY_UISupportedInterfaceOrientations_iPhone = "UIInterfaceOrientationPortrait UIInterfaceOrientationLandscapeLeft UIInterfaceOrientationLandscapeRight";
				LD_RUNPATH_SEARCH_PATHS = (
					"$(inherited)",
					"@executable_path/Frameworks",
				);
				MARKETING_VERSION = 1.0;
				PRODUCT_BUNDLE_IDENTIFIER = com.toni.SwiftBootcamp;
				PRODUCT_NAME = "$(TARGET_NAME)";
				SWIFT_EMIT_LOC_STRINGS = YES;
				SWIFT_VERSION = 5.0;
				TARGETED_DEVICE_FAMILY = "1,2";
			};
			name = Debug;
		};
		B557E7FF2CE3D666000F8C4F /* Release */ = {
			isa = XCBuildConfiguration;
			buildSettings = {
				ASSETCATALOG_COMPILER_APPICON_NAME = AppIcon;
				ASSETCATALOG_COMPILER_GLOBAL_ACCENT_COLOR_NAME = AccentColor;
				CODE_SIGN_STYLE = Automatic;
				CURRENT_PROJECT_VERSION = 1;
				DEVELOPMENT_ASSET_PATHS = "\"SwiftBootcamp/Preview Content\"";
				ENABLE_PREVIEWS = YES;
				GENERATE_INFOPLIST_FILE = YES;
				INFOPLIST_KEY_CFBundleDisplayName = Bootcamp;
				INFOPLIST_KEY_UIApplicationSceneManifest_Generation = YES;
				INFOPLIST_KEY_UIApplicationSupportsIndirectInputEvents = YES;
				INFOPLIST_KEY_UILaunchScreen_Generation = YES;
				INFOPLIST_KEY_UISupportedInterfaceOrientations_iPad = "UIInterfaceOrientationPortrait UIInterfaceOrientationPortraitUpsideDown UIInterfaceOrientationLandscapeLeft UIInterfaceOrientationLandscapeRight";
				INFOPLIST_KEY_UISupportedInterfaceOrientations_iPhone = "UIInterfaceOrientationPortrait UIInterfaceOrientationLandscapeLeft UIInterfaceOrientationLandscapeRight";
				LD_RUNPATH_SEARCH_PATHS = (
					"$(inherited)",
					"@executable_path/Frameworks",
				);
				MARKETING_VERSION = 1.0;
				PRODUCT_BUNDLE_IDENTIFIER = com.toni.SwiftBootcamp;
				PRODUCT_NAME = "$(TARGET_NAME)";
				SWIFT_EMIT_LOC_STRINGS = YES;
				SWIFT_VERSION = 5.0;
				TARGETED_DEVICE_FAMILY = "1,2";
			};
			name = Release;
		};
/* End XCBuildConfiguration section */

/* Begin XCConfigurationList section */
		B557E7EA2CE3D665000F8C4F /* Build configuration list for PBXProject "SwiftBootcamp" */ = {
			isa = XCConfigurationList;
			buildConfigurations = (
				B557E7FB2CE3D666000F8C4F /* Debug */,
				B557E7FC2CE3D666000F8C4F /* Release */,
			);
			defaultConfigurationIsVisible = 0;
			defaultConfigurationName = Release;
		};
		B557E7FD2CE3D666000F8C4F /* Build configuration list for PBXNativeTarget "SwiftBootcamp" */ = {
			isa = XCConfigurationList;
			buildConfigurations = (
				B557E7FE2CE3D666000F8C4F /* Debug */,
				B557E7FF2CE3D666000F8C4F /* Release */,
			);
			defaultConfigurationIsVisible = 0;
			defaultConfigurationName = Release;
		};
/* End XCConfigurationList section */
	};
	rootObject = B557E7E72CE3D665000F8C4F /* Project object */;
}
